
Microsoft Visual Studio Solution File, Format Version 12.00
# Visual Studio Version 16
VisualStudioVersion = 16.0.29613.14
MinimumVisualStudioVersion = 10.0.40219.1
Project("{8BC9CEB8-8B4A-11D0-8D11-00A0C91BC942}") = "Technicalities", "Technicalities\Technicalities.vcxproj", "{7359D94A-4F22-477D-939A-70F41F27D81B}"
EndProject
Project("{8BC9CEB8-8B4A-11D0-8D11-00A0C91BC942}") = "Fibonacci", "Fibonacci\Fibonacci.vcxproj", "{7499B6C2-F7F4-4F8C-8E0E-CF0D0C8C157A}"
EndProject
Project("{8BC9CEB8-8B4A-11D0-8D11-00A0C91BC942}") = "Exercise08", "Exercise08\Exercise08.vcxproj", "{862751FE-418F-432F-935B-487081D753E8}"
EndProject
Project("{8BC9CEB8-8B4A-11D0-8D11-00A0C91BC942}") = "Random", "Random\Random.vcxproj", "{6522A40F-B866-48F9-84E3-078D468D15C1}"
EndProject
Project("{8BC9CEB8-8B4A-11D0-8D11-00A0C91BC942}") = "Exercise10", "Exercise10\Exercise10.vcxproj", "{A128D489-D832-457D-97E7-8AF9268A4975}"
EndProject
Project("{8BC9CEB8-8B4A-11D0-8D11-00A0C91BC942}") = "LargestElement", "LargestElement\LargestElement.vcxproj", "{FD905115-DC60-4C51-903D-8A1477CD1AC0}"
EndProject
Project("{8BC9CEB8-8B4A-11D0-8D11-00A0C91BC942}") = "Exercise12", "Exercise12\Exercise12.vcxproj", "{6C1E0849-E208-4CDD-9042-3235113C1B36}"
EndProject
Project("{8BC9CEB8-8B4A-11D0-8D11-00A0C91BC942}") = "Exercise14", "Exercise14\Exercise14.vcxproj", "{FF9BB4DB-2644-4263-9E82-620E33EC71FC}"
EndProject
Global
	GlobalSection(SolutionConfigurationPlatforms) = preSolution
		Debug|x64 = Debug|x64
		Debug|x86 = Debug|x86
		Release|x64 = Release|x64
		Release|x86 = Release|x86
	EndGlobalSection
	GlobalSection(ProjectConfigurationPlatforms) = postSolution
		{7359D94A-4F22-477D-939A-70F41F27D81B}.Debug|x64.ActiveCfg = Debug|x64
		{7359D94A-4F22-477D-939A-70F41F27D81B}.Debug|x64.Build.0 = Debug|x64
		{7359D94A-4F22-477D-939A-70F41F27D81B}.Debug|x86.ActiveCfg = Debug|Win32
		{7359D94A-4F22-477D-939A-70F41F27D81B}.Debug|x86.Build.0 = Debug|Win32
		{7359D94A-4F22-477D-939A-70F41F27D81B}.Release|x64.ActiveCfg = Release|x64
		{7359D94A-4F22-477D-939A-70F41F27D81B}.Release|x64.Build.0 = Release|x64
		{7359D94A-4F22-477D-939A-70F41F27D81B}.Release|x86.ActiveCfg = Release|Win32
		{7359D94A-4F22-477D-939A-70F41F27D81B}.Release|x86.Build.0 = Release|Win32
		{7499B6C2-F7F4-4F8C-8E0E-CF0D0C8C157A}.Debug|x64.ActiveCfg = Debug|x64
		{7499B6C2-F7F4-4F8C-8E0E-CF0D0C8C157A}.Debug|x64.Build.0 = Debug|x64
		{7499B6C2-F7F4-4F8C-8E0E-CF0D0C8C157A}.Debug|x86.ActiveCfg = Debug|Win32
		{7499B6C2-F7F4-4F8C-8E0E-CF0D0C8C157A}.Debug|x86.Build.0 = Debug|Win32
		{7499B6C2-F7F4-4F8C-8E0E-CF0D0C8C157A}.Release|x64.ActiveCfg = Release|x64
		{7499B6C2-F7F4-4F8C-8E0E-CF0D0C8C157A}.Release|x64.Build.0 = Release|x64
		{7499B6C2-F7F4-4F8C-8E0E-CF0D0C8C157A}.Release|x86.ActiveCfg = Release|Win32
		{7499B6C2-F7F4-4F8C-8E0E-CF0D0C8C157A}.Release|x86.Build.0 = Release|Win32
		{862751FE-418F-432F-935B-487081D753E8}.Debug|x64.ActiveCfg = Debug|x64
		{862751FE-418F-432F-935B-487081D753E8}.Debug|x64.Build.0 = Debug|x64
		{862751FE-418F-432F-935B-487081D753E8}.Debug|x86.ActiveCfg = Debug|Win32
		{862751FE-418F-432F-935B-487081D753E8}.Debug|x86.Build.0 = Debug|Win32
		{862751FE-418F-432F-935B-487081D753E8}.Release|x64.ActiveCfg = Release|x64
		{862751FE-418F-432F-935B-487081D753E8}.Release|x64.Build.0 = Release|x64
		{862751FE-418F-432F-935B-487081D753E8}.Release|x86.ActiveCfg = Release|Win32
		{862751FE-418F-432F-935B-487081D753E8}.Release|x86.Build.0 = Release|Win32
		{6522A40F-B866-48F9-84E3-078D468D15C1}.Debug|x64.ActiveCfg = Debug|x64
		{6522A40F-B866-48F9-84E3-078D468D15C1}.Debug|x64.Build.0 = Debug|x64
		{6522A40F-B866-48F9-84E3-078D468D15C1}.Debug|x86.ActiveCfg = Debug|Win32
		{6522A40F-B866-48F9-84E3-078D468D15C1}.Debug|x86.Build.0 = Debug|Win32
		{6522A40F-B866-48F9-84E3-078D468D15C1}.Release|x64.ActiveCfg = Release|x64
		{6522A40F-B866-48F9-84E3-078D468D15C1}.Release|x64.Build.0 = Release|x64
		{6522A40F-B866-48F9-84E3-078D468D15C1}.Release|x86.ActiveCfg = Release|Win32
		{6522A40F-B866-48F9-84E3-078D468D15C1}.Release|x86.Build.0 = Release|Win32
		{A128D489-D832-457D-97E7-8AF9268A4975}.Debug|x64.ActiveCfg = Debug|x64
		{A128D489-D832-457D-97E7-8AF9268A4975}.Debug|x64.Build.0 = Debug|x64
		{A128D489-D832-457D-97E7-8AF9268A4975}.Debug|x86.ActiveCfg = Debug|Win32
		{A128D489-D832-457D-97E7-8AF9268A4975}.Debug|x86.Build.0 = Debug|Win32
		{A128D489-D832-457D-97E7-8AF9268A4975}.Release|x64.ActiveCfg = Release|x64
		{A128D489-D832-457D-97E7-8AF9268A4975}.Release|x64.Build.0 = Release|x64
		{A128D489-D832-457D-97E7-8AF9268A4975}.Release|x86.ActiveCfg = Release|Win32
		{A128D489-D832-457D-97E7-8AF9268A4975}.Release|x86.Build.0 = Release|Win32
		{FD905115-DC60-4C51-903D-8A1477CD1AC0}.Debug|x64.ActiveCfg = Debug|x64
		{FD905115-DC60-4C51-903D-8A1477CD1AC0}.Debug|x64.Build.0 = Debug|x64
		{FD905115-DC60-4C51-903D-8A1477CD1AC0}.Debug|x86.ActiveCfg = Debug|Win32
		{FD905115-DC60-4C51-903D-8A1477CD1AC0}.Debug|x86.Build.0 = Debug|Win32
		{FD905115-DC60-4C51-903D-8A1477CD1AC0}.Release|x64.ActiveCfg = Release|x64
		{FD905115-DC60-4C51-903D-8A1477CD1AC0}.Release|x64.Build.0 = Release|x64
		{FD905115-DC60-4C51-903D-8A1477CD1AC0}.Release|x86.ActiveCfg = Release|Win32
		{FD905115-DC60-4C51-903D-8A1477CD1AC0}.Release|x86.Build.0 = Release|Win32
		{6C1E0849-E208-4CDD-9042-3235113C1B36}.Debug|x64.ActiveCfg = Debug|x64
		{6C1E0849-E208-4CDD-9042-3235113C1B36}.Debug|x64.Build.0 = Debug|x64
		{6C1E0849-E208-4CDD-9042-3235113C1B36}.Debug|x86.ActiveCfg = Debug|Win32
		{6C1E0849-E208-4CDD-9042-3235113C1B36}.Debug|x86.Build.0 = Debug|Win32
		{6C1E0849-E208-4CDD-9042-3235113C1B36}.Release|x64.ActiveCfg = Release|x64
		{6C1E0849-E208-4CDD-9042-3235113C1B36}.Release|x64.Build.0 = Release|x64
		{6C1E0849-E208-4CDD-9042-3235113C1B36}.Release|x86.ActiveCfg = Release|Win32
		{6C1E0849-E208-4CDD-9042-3235113C1B36}.Release|x86.Build.0 = Release|Win32
		{FF9BB4DB-2644-4263-9E82-620E33EC71FC}.Debug|x64.ActiveCfg = Debug|x64
		{FF9BB4DB-2644-4263-9E82-620E33EC71FC}.Debug|x64.Build.0 = Debug|x64
		{FF9BB4DB-2644-4263-9E82-620E33EC71FC}.Debug|x86.ActiveCfg = Debug|Win32
		{FF9BB4DB-2644-4263-9E82-620E33EC71FC}.Debug|x86.Build.0 = Debug|Win32
		{FF9BB4DB-2644-4263-9E82-620E33EC71FC}.Release|x64.ActiveCfg = Release|x64
		{FF9BB4DB-2644-4263-9E82-620E33EC71FC}.Release|x64.Build.0 = Release|x64
		{FF9BB4DB-2644-4263-9E82-620E33EC71FC}.Release|x86.ActiveCfg = Release|Win32
		{FF9BB4DB-2644-4263-9E82-620E33EC71FC}.Release|x86.Build.0 = Release|Win32
	EndGlobalSection
	GlobalSection(SolutionProperties) = preSolution
		HideSolutionNode = FALSE
	EndGlobalSection
	GlobalSection(ExtensibilityGlobals) = postSolution
		SolutionGuid = {97CB0B93-2FCB-4AFC-8931-9F6998D951EB}
	EndGlobalSection
EndGlobal
